
Microsoft Visual Studio Solution File, Format Version 12.00
# Visual Studio Version 17
VisualStudioVersion = 17.1.32104.313
MinimumVisualStudioVersion = 10.0.40219.1
Project("{FAE04EC0-301F-11D3-BF4B-00C04F79EFBC}") = "Bader", "Bader\Bader.csproj", "{FF45A519-7D2A-4856-8B4D-9334B26E45A8}"
EndProject
Project("{FAE04EC0-301F-11D3-BF4B-00C04F79EFBC}") = "Bader.Core", "Bader.Core\Bader.Core.csproj", "{3D4F4E32-8FEF-492F-895B-60232396CFD5}"
EndProject
Project("{FAE04EC0-301F-11D3-BF4B-00C04F79EFBC}") = "Bader.Infra", "Bader.Infra\Bader.Infra.csproj", "{1A084427-B5A1-47BE-BD4C-A6B9D89511D7}"
EndProject
Global
	GlobalSection(SolutionConfigurationPlatforms) = preSolution
		Debug|Any CPU = Debug|Any CPU
		Release|Any CPU = Release|Any CPU
	EndGlobalSection
	GlobalSection(ProjectConfigurationPlatforms) = postSolution
		{FF45A519-7D2A-4856-8B4D-9334B26E45A8}.Debug|Any CPU.ActiveCfg = Debug|Any CPU
		{FF45A519-7D2A-4856-8B4D-9334B26E45A8}.Debug|Any CPU.Build.0 = Debug|Any CPU
		{FF45A519-7D2A-4856-8B4D-9334B26E45A8}.Release|Any CPU.ActiveCfg = Release|Any CPU
		{FF45A519-7D2A-4856-8B4D-9334B26E45A8}.Release|Any CPU.Build.0 = Release|Any CPU
		{3D4F4E32-8FEF-492F-895B-60232396CFD5}.Debug|Any CPU.ActiveCfg = Debug|Any CPU
		{3D4F4E32-8FEF-492F-895B-60232396CFD5}.Debug|Any CPU.Build.0 = Debug|Any CPU
		{3D4F4E32-8FEF-492F-895B-60232396CFD5}.Release|Any CPU.ActiveCfg = Release|Any CPU
		{3D4F4E32-8FEF-492F-895B-60232396CFD5}.Release|Any CPU.Build.0 = Release|Any CPU
		{1A084427-B5A1-47BE-BD4C-A6B9D89511D7}.Debug|Any CPU.ActiveCfg = Debug|Any CPU
		{1A084427-B5A1-47BE-BD4C-A6B9D89511D7}.Debug|Any CPU.Build.0 = Debug|Any CPU
		{1A084427-B5A1-47BE-BD4C-A6B9D89511D7}.Release|Any CPU.ActiveCfg = Release|Any CPU
		{1A084427-B5A1-47BE-BD4C-A6B9D89511D7}.Release|Any CPU.Build.0 = Release|Any CPU
	EndGlobalSection
	GlobalSection(SolutionProperties) = preSolution
		HideSolutionNode = FALSE
	EndGlobalSection
	GlobalSection(ExtensibilityGlobals) = postSolution
		SolutionGuid = {F96D97F9-2D5B-4CE8-B2E7-93F722474404}
	EndGlobalSection
EndGlobal
